
Microsoft Visual Studio Solution File, Format Version 12.00
# Visual Studio Version 17
VisualStudioVersion = 17.9.34701.34
MinimumVisualStudioVersion = 10.0.40219.1
Project("{FAE04EC0-301F-11D3-BF4B-00C04F79EFBC}") = "SO78425168", "SO78425168\SO78425168.csproj", "{9C93FF08-E435-45BA-8A8A-D893948BB009}"
EndProject
Global
	GlobalSection(SolutionConfigurationPlatforms) = preSolution
		Debug|Any CPU = Debug|Any CPU
		Release|Any CPU = Release|Any CPU
	EndGlobalSection
	GlobalSection(ProjectConfigurationPlatforms) = postSolution
		{9C93FF08-E435-45BA-8A8A-D893948BB009}.Debug|Any CPU.ActiveCfg = Debug|Any CPU
		{9C93FF08-E435-45BA-8A8A-D893948BB009}.Debug|Any CPU.Build.0 = Debug|Any CPU
		{9C93FF08-E435-45BA-8A8A-D893948BB009}.Release|Any CPU.ActiveCfg = Release|Any CPU
		{9C93FF08-E435-45BA-8A8A-D893948BB009}.Release|Any CPU.Build.0 = Release|Any CPU
	EndGlobalSection
	GlobalSection(SolutionProperties) = preSolution
		HideSolutionNode = FALSE
	EndGlobalSection
	GlobalSection(ExtensibilityGlobals) = postSolution
		SolutionGuid = {C6F9B4F4-8967-43BD-B11B-9900D41CBB9C}
	EndGlobalSection
EndGlobal
